{
    "_meta": {
        "hash": {
            "sha256": "93acd86a2ffbaa5207b8ae0998798d89ab57423816ce627d04b05b686485c92a"
        },
        "pipfile-spec": 6,
        "requires": {
            "python_version": "3.9"
        },
        "sources": [
            {
                "name": "pypi",
                "url": "https://pypi.org/simple",
                "verify_ssl": true
            }
        ]
    },
    "default": {
        "asgiref": {
            "hashes": [],
            "version": "==3.7.2"
        },
        "atomicwrites": {
            "hashes": [],
            "version": "==1.4.1"
        },
        "attrs": {
            "hashes": [],
            "version": "==23.1.0"
        },
        "boto3": {
            "hashes": [],
            "version": "==1.33.5"
        },
        "botocore": {
            "hashes": [],
            "version": "==1.33.5"
        },
        "certifi": {
            "hashes": [],
            "version": "==2023.11.17"
        },
        "collectfast": {
            "hashes": [
                "sha256:2f6abc8cab7ec5114a7a9a3660ab629ec142556957220aa82857dc9b4381490d",
                "sha256:e716b2234ab50b5f1010b0d78c3fae8c6aebdb8b7c66ef5568503c33c1a5e19a"
            ],
            "index": "pypi",
            "version": "==2.2.0"
        },
        "colorama": {
            "hashes": [],
            "version": "==0.4.6"
        },
        "dj-database-url": {
            "hashes": [],
            "version": "==2.1.0"
        },
        "django": {
            "hashes": [],
            "version": "==4.2.7"
        },
        "django-debug-toolbar": {
            "hashes": [],
            "version": "==4.2.0"
        },
        "django-ordered-model": {
            "hashes": [],
            "version": "==3.7.4"
        },
        "django-s3-folder-storage": {
            "hashes": [
                "sha256:eb5fd3994726f5b87ddc0ea1a6f1af3f598f9d743127c27d6dae111d18a79abe"
            ],
            "index": "pypi",
            "version": "==0.5"
        },
        "django-storages": {
            "hashes": [],
            "version": "==1.14.2"
        },
        "gunicorn": {
            "hashes": [],
            "version": "==21.2.0"
        },
        "iniconfig": {
            "hashes": [],
            "version": "==2.0.0"
        },
        "jmespath": {
            "hashes": [],
            "version": "==1.0.1"
        },
        "packaging": {
            "hashes": [],
            "version": "==23.2"
        },
        "pluggy": {
            "hashes": [],
            "version": "==1.3.0"
        },
        "psycopg2-binary": {
            "hashes": [],
            "version": "==2.9.9"
        },
        "py": {
            "hashes": [
                "sha256:51c75c4126074b472f746a24399ad32f6053d1b34b68d2fa41e558e6f4a98719",
                "sha256:607c53218732647dff4acdfcd50cb62615cedf612e72d1724fb1a0cc6405b378"
            ],
            "markers": "python_version >= '2.7' and python_version not in '3.0, 3.1, 3.2, 3.3, 3.4'",
            "version": "==1.11.0"
        },
        "pyparsing": {
            "hashes": [],
            "version": "==3.1.1"
        },
        "pytest": {
            "hashes": [],
            "version": "==7.4.3"
        },
        "pytest-django": {
            "hashes": [],
            "version": "==4.7.0"
        },
        "python-dateutil": {
            "hashes": [
                "sha256:0123cacc1627ae19ddf3c27a5de5bd67ee4586fbdd6440d9748f8abb483d3e86",
                "sha256:961d03dc3453ebbc59dbdea9e4e11c5651520a876d0f4db161e8674aae935da9"
            ],
            "markers": "python_version >= '2.7' and python_version not in '3.0, 3.1, 3.2, 3.3'",
            "version": "==2.8.2"
        },
        "python-decouple": {
            "hashes": [],
            "version": "==3.8"
        },
        "s3transfer": {
            "hashes": [],
            "version": "==0.8.2"
        },
        "sentry-sdk": {
            "hashes": [],
            "version": "==1.38.0"
        },
        "six": {
            "hashes": [
                "sha256:1e61c37477a1626458e36f7b1d82aa5c9b094fa4802892072e49de9c60c4c926",
                "sha256:8abb2f1d86890a2dfb989f9a77cfcfd3e47c2a354b01111771326f8aa26e0254"
            ],
            "markers": "python_version >= '2.7' and python_version not in '3.0, 3.1, 3.2, 3.3'",
            "version": "==1.16.0"
        },
        "sqlparse": {
            "hashes": [],
            "version": "==0.4.4"
        },
        "toml": {
            "hashes": [
                "sha256:806143ae5bfb6a3c6e736a764057db0e6a0e05e338b5630894a5f779cabb4f9b",
                "sha256:b3bda1d108d5dd99f4a20d24d9c348e91c4db7ab1b749200bded2f839ccbe68f"
            ],
            "markers": "python_version >= '2.6' and python_version not in '3.0, 3.1, 3.2, 3.3'",
            "version": "==0.10.2"
        },
        "typing-extensions": {
            "hashes": [],
            "version": "==4.8.0"
        },
        "tzdata": {
            "hashes": [],
            "version": "==2023.3"
        },
        "urllib3": {
            "hashes": [],
            "version": "==2.1.0"
        }
    },
    "develop": {
        "asgiref": {
            "hashes": [],
            "version": "==3.7.2"
        },
        "atomicwrites": {
            "hashes": [],
            "version": "==1.4.1"
        },
        "attrs": {
            "hashes": [],
            "version": "==23.1.0"
        },
        "certifi": {
            "hashes": [],
            "version": "==2023.11.17"
        },
        "charset-normalizer": {
            "hashes": [],
            "version": "==3.3.2"
        },
        "codecov": {
            "hashes": [],
            "version": "==2.1.13"
        },
        "colorama": {
            "hashes": [],
            "version": "==0.4.6"
        },
        "coverage": {
            "hashes": [],
            "version": "==7.3.2"
        },
        "django": {
            "hashes": [],
            "version": "==4.2.7"
        },
        "flake8": {
            "hashes": [],
            "version": "==6.1.0"
        },
        "idna": {
            "hashes": [],
            "version": "==3.6"
        },
        "iniconfig": {
            "hashes": [],
            "version": "==2.0.0"
        },
        "mccabe": {
            "hashes": [],
            "version": "==0.7.0"
        },
        "model-mommy": {
            "hashes": [
                "sha256:3d332afce941c57f1990f45b083ba13252ba74fcd1ae43fd047e5af7a70fb312",
                "sha256:40d6e740aad7509e696a324b94cf2b0a104da93c3d4a7924cea1be3d0eb95b4f"
            ],
            "index": "pypi",
            "version": "==2.0.0"
        },
        "packaging": {
            "hashes": [],
            "version": "==23.2"
        },
        "pluggy": {
            "hashes": [],
            "version": "==1.3.0"
        },
        "py": {
            "hashes": [
                "sha256:51c75c4126074b472f746a24399ad32f6053d1b34b68d2fa41e558e6f4a98719",
                "sha256:607c53218732647dff4acdfcd50cb62615cedf612e72d1724fb1a0cc6405b378"
            ],
            "markers": "python_version >= '2.7' and python_version not in '3.0, 3.1, 3.2, 3.3, 3.4'",
            "version": "==1.11.0"
        },
        "pycodestyle": {
            "hashes": [],
            "version": "==2.11.1"
        },
        "pyflakes": {
            "hashes": [
                "sha256:05a85c2872edf37a4ed30b0cce2f6093e1d0581f8c19d7393122da7e25b2b24c",
                "sha256:3bb3a3f256f4b7968c9c788781e4ff07dce46bdf12339dcda61053375426ee2e"
            ],
            "markers": "python_version >= '2.7' and python_version not in '3.0, 3.1, 3.2, 3.3'",
            "version": "==2.4.0"
        },
        "pyparsing": {
            "hashes": [],
            "version": "==3.1.1"
        },
        "pytest": {
            "hashes": [],
            "version": "==7.4.3"
        },
        "pytest-cov": {
            "hashes": [
                "sha256:578d5d15ac4a25e5f961c938b85a05b09fdaae9deef3bb6de9a6e766622ca7a6",
                "sha256:e7f0f5b1617d2210a2cabc266dfe2f4c75a8d32fb89eafb7ad9d06f6d076d470"
            ],
            "index": "pypi",
            "version": "==3.0.0"
        },
        "requests": {
            "hashes": [
                "sha256:6c1246513ecd5ecd4528a0906f910e8f0f9c6b8ec72030dc9fd154dc1a6efd24",
                "sha256:b8aa58f8cf793ffd8782d3d8cb19e66ef36f7aba4353eec859e74678b01b07a7"
            ],
            "markers": "python_version >= '2.7' and python_version not in '3.0, 3.1, 3.2, 3.3, 3.4, 3.5'",
            "version": "==2.26.0"
        },
        "sqlparse": {
            "hashes": [],
            "version": "==0.4.4"
        },
        "toml": {
            "hashes": [
                "sha256:806143ae5bfb6a3c6e736a764057db0e6a0e05e338b5630894a5f779cabb4f9b",
                "sha256:b3bda1d108d5dd99f4a20d24d9c348e91c4db7ab1b749200bded2f839ccbe68f"
            ],
            "markers": "python_version >= '2.6' and python_version not in '3.0, 3.1, 3.2, 3.3'",
            "version": "==0.10.2"
        },
        "tomli": {
            "hashes": [
                "sha256:b5bde28da1fed24b9bd1d4d2b8cba62300bfb4ec9a6187a957e8ddb9434c5224",
                "sha256:c292c34f58502a1eb2bbb9f5bbc9a5ebc37bee10ffb8c2d6bbdfa8eb13cc14e1"
            ],
            "version": "==2.0.0"
        },
        "tzdata": {
            "hashes": [],
            "version": "==2023.3"
        },
        "urllib3": {
            "hashes": [],
            "version": "==2.1.0"
        }
    }
}
